// !$*UTF8*$!
{
	archiveVersion = 1;
	classes = {
	};
	objectVersion = 51;
	objects = {

/* Begin PBXBuildFile section */
		1813542426AEF681007E337B /* MapClusterIconGenerator.swift in Sources */ = {isa = PBXBuildFile; fileRef = 1813542326AEF681007E337B /* MapClusterIconGenerator.swift */; };
		18712D1426AAB26C0040DBED /* HyperLinkCell.swift in Sources */ = {isa = PBXBuildFile; fileRef = 18712D1326AAB26C0040DBED /* HyperLinkCell.swift */; };
		187218E626AD070800EB7970 /* Ubuntu-Italic.ttf in Resources */ = {isa = PBXBuildFile; fileRef = 187218DE26AD070700EB7970 /* Ubuntu-Italic.ttf */; };
		187218E726AD070800EB7970 /* Ubuntu-MediumItalic.ttf in Resources */ = {isa = PBXBuildFile; fileRef = 187218DF26AD070700EB7970 /* Ubuntu-MediumItalic.ttf */; };
		187218E826AD070800EB7970 /* Ubuntu-Regular.ttf in Resources */ = {isa = PBXBuildFile; fileRef = 187218E026AD070700EB7970 /* Ubuntu-Regular.ttf */; };
		187218E926AD070800EB7970 /* Ubuntu-LightItalic.ttf in Resources */ = {isa = PBXBuildFile; fileRef = 187218E126AD070700EB7970 /* Ubuntu-LightItalic.ttf */; };
		187218EA26AD070800EB7970 /* Ubuntu-BoldItalic.ttf in Resources */ = {isa = PBXBuildFile; fileRef = 187218E226AD070800EB7970 /* Ubuntu-BoldItalic.ttf */; };
		187218EB26AD070800EB7970 /* Ubuntu-Medium.ttf in Resources */ = {isa = PBXBuildFile; fileRef = 187218E326AD070800EB7970 /* Ubuntu-Medium.ttf */; };
		187218EC26AD070800EB7970 /* Ubuntu-Light.ttf in Resources */ = {isa = PBXBuildFile; fileRef = 187218E426AD070800EB7970 /* Ubuntu-Light.ttf */; };
		187218ED26AD070800EB7970 /* Ubuntu-Bold.ttf in Resources */ = {isa = PBXBuildFile; fileRef = 187218E526AD070800EB7970 /* Ubuntu-Bold.ttf */; };
		187218EF26ADA65200EB7970 /* GoogleService-Info.plist in Resources */ = {isa = PBXBuildFile; fileRef = 187218EE26ADA65200EB7970 /* GoogleService-Info.plist */; };
		DE300076269B407B005772F0 /* paddingLabel.swift in Sources */ = {isa = PBXBuildFile; fileRef = DE300075269B407B005772F0 /* paddingLabel.swift */; };
		DE300088269C4139005772F0 /* AboutVC.swift in Sources */ = {isa = PBXBuildFile; fileRef = DE300087269C4139005772F0 /* AboutVC.swift */; };
		DE30008C269C4299005772F0 /* CafeTabBarController.swift in Sources */ = {isa = PBXBuildFile; fileRef = DE30008B269C4299005772F0 /* CafeTabBarController.swift */; };
		DE68B9EF269B33C6007A9ACA /* CafeListCell.swift in Sources */ = {isa = PBXBuildFile; fileRef = DE68B9EE269B33C6007A9ACA /* CafeListCell.swift */; };
		DE75065D267B418B001345F2 /* AppDelegate.swift in Sources */ = {isa = PBXBuildFile; fileRef = DE75065C267B418B001345F2 /* AppDelegate.swift */; };
		DE75065F267B418B001345F2 /* SceneDelegate.swift in Sources */ = {isa = PBXBuildFile; fileRef = DE75065E267B418B001345F2 /* SceneDelegate.swift */; };
		DE750661267B418B001345F2 /* CafeDetailVC.swift in Sources */ = {isa = PBXBuildFile; fileRef = DE750660267B418B001345F2 /* CafeDetailVC.swift */; };
		DE750664267B418B001345F2 /* Main.storyboard in Resources */ = {isa = PBXBuildFile; fileRef = DE750662267B418B001345F2 /* Main.storyboard */; };
		DE750666267B418D001345F2 /* Assets.xcassets in Resources */ = {isa = PBXBuildFile; fileRef = DE750665267B418D001345F2 /* Assets.xcassets */; };
		DE750669267B418D001345F2 /* LaunchScreen.storyboard in Resources */ = {isa = PBXBuildFile; fileRef = DE750667267B418D001345F2 /* LaunchScreen.storyboard */; };
		DE750674267B4645001345F2 /* Cafe.swift in Sources */ = {isa = PBXBuildFile; fileRef = DE750673267B4645001345F2 /* Cafe.swift */; };
		DE750677267B471B001345F2 /* CafeListVC.swift in Sources */ = {isa = PBXBuildFile; fileRef = DE750676267B471B001345F2 /* CafeListVC.swift */; };
		DE75067C267C4B63001345F2 /* CafeDetailIconTextCell.swift in Sources */ = {isa = PBXBuildFile; fileRef = DE75067B267C4B63001345F2 /* CafeDetailIconTextCell.swift */; };
		DE75067F267C4DD2001345F2 /* CafeDetailTextCell.swift in Sources */ = {isa = PBXBuildFile; fileRef = DE75067E267C4DD2001345F2 /* CafeDetailTextCell.swift */; };
		DE75068B267C681B001345F2 /* MapKit.framework in Frameworks */ = {isa = PBXBuildFile; fileRef = DE75068A267C681B001345F2 /* MapKit.framework */; };
		DE7A7C15269E97CF00315E98 /* CafeDetailRatingCell.swift in Sources */ = {isa = PBXBuildFile; fileRef = DE7A7C14269E97CF00315E98 /* CafeDetailRatingCell.swift */; };
		DE9CD5582686D5E000F9B4F6 /* GoogleMapVC.swift in Sources */ = {isa = PBXBuildFile; fileRef = DE9CD5572686D5E000F9B4F6 /* GoogleMapVC.swift */; };
		DEB061E826A8150200CD9FEB /* Onboarding.storyboard in Resources */ = {isa = PBXBuildFile; fileRef = DEB061E726A8150200CD9FEB /* Onboarding.storyboard */; };
		DEB061EA26A81DE600CD9FEB /* WalkthroughContentVC.swift in Sources */ = {isa = PBXBuildFile; fileRef = DEB061E926A81DE600CD9FEB /* WalkthroughContentVC.swift */; };
		DEB061EC26A81FDE00CD9FEB /* WalkthroughPageVC.swift in Sources */ = {isa = PBXBuildFile; fileRef = DEB061EB26A81FDE00CD9FEB /* WalkthroughPageVC.swift */; };
		DEB061EE26A8239A00CD9FEB /* WalkthroughVC.swift in Sources */ = {isa = PBXBuildFile; fileRef = DEB061ED26A8239A00CD9FEB /* WalkthroughVC.swift */; };
		DECB0D9D267C941500833614 /* Colors.swift in Sources */ = {isa = PBXBuildFile; fileRef = DECB0D9C267C941500833614 /* Colors.swift */; };
		DEFFE67F2687751D00E654A5 /* CafeManager.swift in Sources */ = {isa = PBXBuildFile; fileRef = DEFFE67E2687751D00E654A5 /* CafeManager.swift */; };
		EBAFCEBE2EEB23F4391C0AB6 /* Pods_CafeList.framework in Frameworks */ = {isa = PBXBuildFile; fileRef = 47788F24B60511754248565A /* Pods_CafeList.framework */; };
/* End PBXBuildFile section */

/* Begin PBXFileReference section */
		1813542326AEF681007E337B /* MapClusterIconGenerator.swift */ = {isa = PBXFileReference; lastKnownFileType = sourcecode.swift; path = MapClusterIconGenerator.swift; sourceTree = "<group>"; };
		18712D1326AAB26C0040DBED /* HyperLinkCell.swift */ = {isa = PBXFileReference; lastKnownFileType = sourcecode.swift; path = HyperLinkCell.swift; sourceTree = "<group>"; };
		187218DE26AD070700EB7970 /* Ubuntu-Italic.ttf */ = {isa = PBXFileReference; lastKnownFileType = file; path = "Ubuntu-Italic.ttf"; sourceTree = "<group>"; };
		187218DF26AD070700EB7970 /* Ubuntu-MediumItalic.ttf */ = {isa = PBXFileReference; lastKnownFileType = file; path = "Ubuntu-MediumItalic.ttf"; sourceTree = "<group>"; };
		187218E026AD070700EB7970 /* Ubuntu-Regular.ttf */ = {isa = PBXFileReference; lastKnownFileType = file; path = "Ubuntu-Regular.ttf"; sourceTree = "<group>"; };
		187218E126AD070700EB7970 /* Ubuntu-LightItalic.ttf */ = {isa = PBXFileReference; lastKnownFileType = file; path = "Ubuntu-LightItalic.ttf"; sourceTree = "<group>"; };
		187218E226AD070800EB7970 /* Ubuntu-BoldItalic.ttf */ = {isa = PBXFileReference; lastKnownFileType = file; path = "Ubuntu-BoldItalic.ttf"; sourceTree = "<group>"; };
		187218E326AD070800EB7970 /* Ubuntu-Medium.ttf */ = {isa = PBXFileReference; lastKnownFileType = file; path = "Ubuntu-Medium.ttf"; sourceTree = "<group>"; };
		187218E426AD070800EB7970 /* Ubuntu-Light.ttf */ = {isa = PBXFileReference; lastKnownFileType = file; path = "Ubuntu-Light.ttf"; sourceTree = "<group>"; };
		187218E526AD070800EB7970 /* Ubuntu-Bold.ttf */ = {isa = PBXFileReference; lastKnownFileType = file; path = "Ubuntu-Bold.ttf"; sourceTree = "<group>"; };
		187218EE26ADA65200EB7970 /* GoogleService-Info.plist */ = {isa = PBXFileReference; fileEncoding = 4; lastKnownFileType = text.plist.xml; path = "GoogleService-Info.plist"; sourceTree = "<group>"; };
		190A83A7DB9C6752A29B74CF /* Pods-CafeList.release.xcconfig */ = {isa = PBXFileReference; includeInIndex = 1; lastKnownFileType = text.xcconfig; name = "Pods-CafeList.release.xcconfig"; path = "Target Support Files/Pods-CafeList/Pods-CafeList.release.xcconfig"; sourceTree = "<group>"; };
		43FA61324987D2E5CA6D6D56 /* Pods-CafeList.debug.xcconfig */ = {isa = PBXFileReference; includeInIndex = 1; lastKnownFileType = text.xcconfig; name = "Pods-CafeList.debug.xcconfig"; path = "Target Support Files/Pods-CafeList/Pods-CafeList.debug.xcconfig"; sourceTree = "<group>"; };
		47788F24B60511754248565A /* Pods_CafeList.framework */ = {isa = PBXFileReference; explicitFileType = wrapper.framework; includeInIndex = 0; path = Pods_CafeList.framework; sourceTree = BUILT_PRODUCTS_DIR; };
		DE300075269B407B005772F0 /* paddingLabel.swift */ = {isa = PBXFileReference; lastKnownFileType = sourcecode.swift; path = paddingLabel.swift; sourceTree = "<group>"; };
		DE300087269C4139005772F0 /* AboutVC.swift */ = {isa = PBXFileReference; lastKnownFileType = sourcecode.swift; path = AboutVC.swift; sourceTree = "<group>"; };
		DE30008B269C4299005772F0 /* CafeTabBarController.swift */ = {isa = PBXFileReference; lastKnownFileType = sourcecode.swift; path = CafeTabBarController.swift; sourceTree = "<group>"; };
		DE68B9EE269B33C6007A9ACA /* CafeListCell.swift */ = {isa = PBXFileReference; lastKnownFileType = sourcecode.swift; path = CafeListCell.swift; sourceTree = "<group>"; };
		DE750659267B418B001345F2 /* CafeList.app */ = {isa = PBXFileReference; explicitFileType = wrapper.application; includeInIndex = 0; path = CafeList.app; sourceTree = BUILT_PRODUCTS_DIR; };
		DE75065C267B418B001345F2 /* AppDelegate.swift */ = {isa = PBXFileReference; lastKnownFileType = sourcecode.swift; path = AppDelegate.swift; sourceTree = "<group>"; };
		DE75065E267B418B001345F2 /* SceneDelegate.swift */ = {isa = PBXFileReference; lastKnownFileType = sourcecode.swift; path = SceneDelegate.swift; sourceTree = "<group>"; };
		DE750660267B418B001345F2 /* CafeDetailVC.swift */ = {isa = PBXFileReference; lastKnownFileType = sourcecode.swift; path = CafeDetailVC.swift; sourceTree = "<group>"; };
		DE750663267B418B001345F2 /* Base */ = {isa = PBXFileReference; lastKnownFileType = file.storyboard; name = Base; path = Base.lproj/Main.storyboard; sourceTree = "<group>"; };
		DE750665267B418D001345F2 /* Assets.xcassets */ = {isa = PBXFileReference; lastKnownFileType = folder.assetcatalog; path = Assets.xcassets; sourceTree = "<group>"; };
		DE750668267B418D001345F2 /* Base */ = {isa = PBXFileReference; lastKnownFileType = file.storyboard; name = Base; path = Base.lproj/LaunchScreen.storyboard; sourceTree = "<group>"; };
		DE75066A267B418D001345F2 /* Info.plist */ = {isa = PBXFileReference; lastKnownFileType = text.plist.xml; path = Info.plist; sourceTree = "<group>"; };
		DE750673267B4645001345F2 /* Cafe.swift */ = {isa = PBXFileReference; lastKnownFileType = sourcecode.swift; path = Cafe.swift; sourceTree = "<group>"; };
		DE750676267B471B001345F2 /* CafeListVC.swift */ = {isa = PBXFileReference; lastKnownFileType = sourcecode.swift; path = CafeListVC.swift; sourceTree = "<group>"; };
		DE75067B267C4B63001345F2 /* CafeDetailIconTextCell.swift */ = {isa = PBXFileReference; lastKnownFileType = sourcecode.swift; path = CafeDetailIconTextCell.swift; sourceTree = "<group>"; };
		DE75067E267C4DD2001345F2 /* CafeDetailTextCell.swift */ = {isa = PBXFileReference; lastKnownFileType = sourcecode.swift; path = CafeDetailTextCell.swift; sourceTree = "<group>"; };
		DE75068A267C681B001345F2 /* MapKit.framework */ = {isa = PBXFileReference; lastKnownFileType = wrapper.framework; name = MapKit.framework; path = System/Library/Frameworks/MapKit.framework; sourceTree = SDKROOT; };
		DE7A7C14269E97CF00315E98 /* CafeDetailRatingCell.swift */ = {isa = PBXFileReference; lastKnownFileType = sourcecode.swift; path = CafeDetailRatingCell.swift; sourceTree = "<group>"; };
		DE9CD5572686D5E000F9B4F6 /* GoogleMapVC.swift */ = {isa = PBXFileReference; lastKnownFileType = sourcecode.swift; path = GoogleMapVC.swift; sourceTree = "<group>"; };
		DEB061E726A8150200CD9FEB /* Onboarding.storyboard */ = {isa = PBXFileReference; lastKnownFileType = file.storyboard; path = Onboarding.storyboard; sourceTree = "<group>"; };
		DEB061E926A81DE600CD9FEB /* WalkthroughContentVC.swift */ = {isa = PBXFileReference; lastKnownFileType = sourcecode.swift; path = WalkthroughContentVC.swift; sourceTree = "<group>"; };
		DEB061EB26A81FDE00CD9FEB /* WalkthroughPageVC.swift */ = {isa = PBXFileReference; lastKnownFileType = sourcecode.swift; path = WalkthroughPageVC.swift; sourceTree = "<group>"; };
		DEB061ED26A8239A00CD9FEB /* WalkthroughVC.swift */ = {isa = PBXFileReference; lastKnownFileType = sourcecode.swift; path = WalkthroughVC.swift; sourceTree = "<group>"; };
		DECB0D9C267C941500833614 /* Colors.swift */ = {isa = PBXFileReference; fileEncoding = 4; lastKnownFileType = sourcecode.swift; path = Colors.swift; sourceTree = "<group>"; };
		DEFFE67E2687751D00E654A5 /* CafeManager.swift */ = {isa = PBXFileReference; lastKnownFileType = sourcecode.swift; path = CafeManager.swift; sourceTree = "<group>"; };
/* End PBXFileReference section */

/* Begin PBXFrameworksBuildPhase section */
		DE750656267B418B001345F2 /* Frameworks */ = {
			isa = PBXFrameworksBuildPhase;
			buildActionMask = 2147483647;
			files = (
				DE75068B267C681B001345F2 /* MapKit.framework in Frameworks */,
				EBAFCEBE2EEB23F4391C0AB6 /* Pods_CafeList.framework in Frameworks */,
			);
			runOnlyForDeploymentPostprocessing = 0;
		};
/* End PBXFrameworksBuildPhase section */

/* Begin PBXGroup section */
		18712D1526AB06700040DBED /* Onboarding */ = {
			isa = PBXGroup;
			children = (
				DEB061E926A81DE600CD9FEB /* WalkthroughContentVC.swift */,
				DEB061EB26A81FDE00CD9FEB /* WalkthroughPageVC.swift */,
				DEB061ED26A8239A00CD9FEB /* WalkthroughVC.swift */,
			);
			path = Onboarding;
			sourceTree = "<group>";
		};
		187218DD26AD06E700EB7970 /* UBuntu */ = {
			isa = PBXGroup;
			children = (
				187218E526AD070800EB7970 /* Ubuntu-Bold.ttf */,
				187218E226AD070800EB7970 /* Ubuntu-BoldItalic.ttf */,
				187218DE26AD070700EB7970 /* Ubuntu-Italic.ttf */,
				187218E426AD070800EB7970 /* Ubuntu-Light.ttf */,
				187218E126AD070700EB7970 /* Ubuntu-LightItalic.ttf */,
				187218E326AD070800EB7970 /* Ubuntu-Medium.ttf */,
				187218DF26AD070700EB7970 /* Ubuntu-MediumItalic.ttf */,
				187218E026AD070700EB7970 /* Ubuntu-Regular.ttf */,
			);
			path = UBuntu;
			sourceTree = "<group>";
		};
		8EFEBDA4F374CCC11586D24F /* Pods */ = {
			isa = PBXGroup;
			children = (
				43FA61324987D2E5CA6D6D56 /* Pods-CafeList.debug.xcconfig */,
				190A83A7DB9C6752A29B74CF /* Pods-CafeList.release.xcconfig */,
			);
			path = Pods;
			sourceTree = "<group>";
		};
		DE750650267B418B001345F2 = {
			isa = PBXGroup;
			children = (
				DE75065B267B418B001345F2 /* CafeList */,
				DE75068F267C76C0001345F2 /* Resources */,
				DE75065A267B418B001345F2 /* Products */,
				DE750689267C681B001345F2 /* Frameworks */,
				8EFEBDA4F374CCC11586D24F /* Pods */,
			);
			sourceTree = "<group>";
		};
		DE75065A267B418B001345F2 /* Products */ = {
			isa = PBXGroup;
			children = (
				DE750659267B418B001345F2 /* CafeList.app */,
			);
			name = Products;
			sourceTree = "<group>";
		};
		DE75065B267B418B001345F2 /* CafeList */ = {
			isa = PBXGroup;
			children = (
				DE75065C267B418B001345F2 /* AppDelegate.swift */,
				DE75065E267B418B001345F2 /* SceneDelegate.swift */,
				DE750683267C4EB6001345F2 /* Model */,
				DE750687267C4ED5001345F2 /* View */,
				DE750681267C4EA4001345F2 /* Controller */,
				DE750685267C4EC9001345F2 /* Cell */,
				DE750665267B418D001345F2 /* Assets.xcassets */,
				DE750667267B418D001345F2 /* LaunchScreen.storyboard */,
				187218EE26ADA65200EB7970 /* GoogleService-Info.plist */,
				DE75066A267B418D001345F2 /* Info.plist */,
			);
			path = CafeList;
			sourceTree = "<group>";
		};
		DE750681267C4EA4001345F2 /* Controller */ = {
			isa = PBXGroup;
			children = (
				DE750676267B471B001345F2 /* CafeListVC.swift */,
				DE750660267B418B001345F2 /* CafeDetailVC.swift */,
				DE9CD5572686D5E000F9B4F6 /* GoogleMapVC.swift */,
				1813542326AEF681007E337B /* MapClusterIconGenerator.swift */,
				DE300087269C4139005772F0 /* AboutVC.swift */,
				DE30008B269C4299005772F0 /* CafeTabBarController.swift */,
				18712D1526AB06700040DBED /* Onboarding */,
			);
			path = Controller;
			sourceTree = "<group>";
		};
		DE750683267C4EB6001345F2 /* Model */ = {
			isa = PBXGroup;
			children = (
				DE750673267B4645001345F2 /* Cafe.swift */,
				DECB0D9C267C941500833614 /* Colors.swift */,
				DEFFE67E2687751D00E654A5 /* CafeManager.swift */,
			);
			path = Model;
			sourceTree = "<group>";
		};
		DE750685267C4EC9001345F2 /* Cell */ = {
			isa = PBXGroup;
			children = (
				DE68B9EE269B33C6007A9ACA /* CafeListCell.swift */,
				DE75067B267C4B63001345F2 /* CafeDetailIconTextCell.swift */,
				DE75067E267C4DD2001345F2 /* CafeDetailTextCell.swift */,
				DE7A7C14269E97CF00315E98 /* CafeDetailRatingCell.swift */,
				18712D1326AAB26C0040DBED /* HyperLinkCell.swift */,
			);
			path = Cell;
			sourceTree = "<group>";
		};
		DE750687267C4ED5001345F2 /* View */ = {
			isa = PBXGroup;
			children = (
				DE750662267B418B001345F2 /* Main.storyboard */,
				DEB061E726A8150200CD9FEB /* Onboarding.storyboard */,
				DE300075269B407B005772F0 /* paddingLabel.swift */,
			);
			path = View;
			sourceTree = "<group>";
		};
		DE750689267C681B001345F2 /* Frameworks */ = {
			isa = PBXGroup;
			children = (
				DE75068A267C681B001345F2 /* MapKit.framework */,
				47788F24B60511754248565A /* Pods_CafeList.framework */,
			);
			name = Frameworks;
			sourceTree = "<group>";
		};
		DE75068F267C76C0001345F2 /* Resources */ = {
			isa = PBXGroup;
			children = (
				DE7506B2267C77C5001345F2 /* Fonts */,
			);
			path = Resources;
			sourceTree = "<group>";
		};
		DE7506B2267C77C5001345F2 /* Fonts */ = {
			isa = PBXGroup;
			children = (
				187218DD26AD06E700EB7970 /* UBuntu */,
			);
			path = Fonts;
			sourceTree = "<group>";
		};
/* End PBXGroup section */

/* Begin PBXNativeTarget section */
		DE750658267B418B001345F2 /* CafeList */ = {
			isa = PBXNativeTarget;
			buildConfigurationList = DE75066D267B418D001345F2 /* Build configuration list for PBXNativeTarget "CafeList" */;
			buildPhases = (
				8D7A6F425E2E9907AC428302 /* [CP] Check Pods Manifest.lock */,
				DE750655267B418B001345F2 /* Sources */,
				DE750656267B418B001345F2 /* Frameworks */,
				DE750657267B418B001345F2 /* Resources */,
				F966D694870A3AD76A2A503E /* [CP] Copy Pods Resources */,
				2FE71406F139EF35879F1313 /* [CP] Embed Pods Frameworks */,
				187218F126ADA82000EB7970 /* ShellScript */,
			);
			buildRules = (
			);
			dependencies = (
			);
			name = CafeList;
			productName = CafeList;
			productReference = DE750659267B418B001345F2 /* CafeList.app */;
			productType = "com.apple.product-type.application";
		};
/* End PBXNativeTarget section */

/* Begin PBXProject section */
		DE750651267B418B001345F2 /* Project object */ = {
			isa = PBXProject;
			attributes = {
				LastSwiftUpdateCheck = 1240;
				LastUpgradeCheck = 1240;
				TargetAttributes = {
					DE750658267B418B001345F2 = {
						CreatedOnToolsVersion = 12.4;
					};
				};
			};
			buildConfigurationList = DE750654267B418B001345F2 /* Build configuration list for PBXProject "CafeList" */;
			compatibilityVersion = "Xcode 9.3";
			developmentRegion = en;
			hasScannedForEncodings = 0;
			knownRegions = (
				en,
				Base,
			);
			mainGroup = DE750650267B418B001345F2;
			productRefGroup = DE75065A267B418B001345F2 /* Products */;
			projectDirPath = "";
			projectRoot = "";
			targets = (
				DE750658267B418B001345F2 /* CafeList */,
			);
		};
/* End PBXProject section */

/* Begin PBXResourcesBuildPhase section */
		DE750657267B418B001345F2 /* Resources */ = {
			isa = PBXResourcesBuildPhase;
			buildActionMask = 2147483647;
			files = (
				187218EF26ADA65200EB7970 /* GoogleService-Info.plist in Resources */,
				DE750669267B418D001345F2 /* LaunchScreen.storyboard in Resources */,
				187218ED26AD070800EB7970 /* Ubuntu-Bold.ttf in Resources */,
				187218EA26AD070800EB7970 /* Ubuntu-BoldItalic.ttf in Resources */,
				187218EC26AD070800EB7970 /* Ubuntu-Light.ttf in Resources */,
				DE750666267B418D001345F2 /* Assets.xcassets in Resources */,
				187218E726AD070800EB7970 /* Ubuntu-MediumItalic.ttf in Resources */,
				187218E626AD070800EB7970 /* Ubuntu-Italic.ttf in Resources */,
				DEB061E826A8150200CD9FEB /* Onboarding.storyboard in Resources */,
				DE750664267B418B001345F2 /* Main.storyboard in Resources */,
				187218E926AD070800EB7970 /* Ubuntu-LightItalic.ttf in Resources */,
				187218E826AD070800EB7970 /* Ubuntu-Regular.ttf in Resources */,
				187218EB26AD070800EB7970 /* Ubuntu-Medium.ttf in Resources */,
			);
			runOnlyForDeploymentPostprocessing = 0;
		};
/* End PBXResourcesBuildPhase section */

/* Begin PBXShellScriptBuildPhase section */
		187218F126ADA82000EB7970 /* ShellScript */ = {
			isa = PBXShellScriptBuildPhase;
			buildActionMask = 2147483647;
			files = (
			);
			inputFileListPaths = (
			);
			inputPaths = (
				"$(SRCROOT)/$(BUILT_PRODUCTS_DIR)/$(INFOPLIST_PATH)",
				"${DWARF_DSYM_FOLDER_PATH}/${DWARF_DSYM_FILE_NAME}/Contents/Resources/DWARF/${TARGET_NAME}",
			);
			outputFileListPaths = (
			);
			outputPaths = (
			);
			runOnlyForDeploymentPostprocessing = 0;
			shellPath = /bin/sh;
			shellScript = "\"${PODS_ROOT}/FirebaseCrashlytics/run\"\n";
		};
		2FE71406F139EF35879F1313 /* [CP] Embed Pods Frameworks */ = {
			isa = PBXShellScriptBuildPhase;
			buildActionMask = 2147483647;
			files = (
			);
			inputFileListPaths = (
				"${PODS_ROOT}/Target Support Files/Pods-CafeList/Pods-CafeList-frameworks-${CONFIGURATION}-input-files.xcfilelist",
			);
			name = "[CP] Embed Pods Frameworks";
			outputFileListPaths = (
				"${PODS_ROOT}/Target Support Files/Pods-CafeList/Pods-CafeList-frameworks-${CONFIGURATION}-output-files.xcfilelist",
			);
			runOnlyForDeploymentPostprocessing = 0;
			shellPath = /bin/sh;
			shellScript = "\"${PODS_ROOT}/Target Support Files/Pods-CafeList/Pods-CafeList-frameworks.sh\"\n";
			showEnvVarsInLog = 0;
		};
		8D7A6F425E2E9907AC428302 /* [CP] Check Pods Manifest.lock */ = {
			isa = PBXShellScriptBuildPhase;
			buildActionMask = 2147483647;
			files = (
			);
			inputFileListPaths = (
			);
			inputPaths = (
				"${PODS_PODFILE_DIR_PATH}/Podfile.lock",
				"${PODS_ROOT}/Manifest.lock",
			);
			name = "[CP] Check Pods Manifest.lock";
			outputFileListPaths = (
			);
			outputPaths = (
				"$(DERIVED_FILE_DIR)/Pods-CafeList-checkManifestLockResult.txt",
			);
			runOnlyForDeploymentPostprocessing = 0;
			shellPath = /bin/sh;
			shellScript = "diff \"${PODS_PODFILE_DIR_PATH}/Podfile.lock\" \"${PODS_ROOT}/Manifest.lock\" > /dev/null\nif [ $? != 0 ] ; then\n    # print error to STDERR\n    echo \"error: The sandbox is not in sync with the Podfile.lock. Run 'pod install' or update your CocoaPods installation.\" >&2\n    exit 1\nfi\n# This output is used by Xcode 'outputs' to avoid re-running this script phase.\necho \"SUCCESS\" > \"${SCRIPT_OUTPUT_FILE_0}\"\n";
			showEnvVarsInLog = 0;
		};
		F966D694870A3AD76A2A503E /* [CP] Copy Pods Resources */ = {
			isa = PBXShellScriptBuildPhase;
			buildActionMask = 2147483647;
			files = (
			);
			inputFileListPaths = (
				"${PODS_ROOT}/Target Support Files/Pods-CafeList/Pods-CafeList-resources-${CONFIGURATION}-input-files.xcfilelist",
			);
			name = "[CP] Copy Pods Resources";
			outputFileListPaths = (
				"${PODS_ROOT}/Target Support Files/Pods-CafeList/Pods-CafeList-resources-${CONFIGURATION}-output-files.xcfilelist",
			);
			runOnlyForDeploymentPostprocessing = 0;
			shellPath = /bin/sh;
			shellScript = "\"${PODS_ROOT}/Target Support Files/Pods-CafeList/Pods-CafeList-resources.sh\"\n";
			showEnvVarsInLog = 0;
		};
/* End PBXShellScriptBuildPhase section */

/* Begin PBXSourcesBuildPhase section */
		DE750655267B418B001345F2 /* Sources */ = {
			isa = PBXSourcesBuildPhase;
			buildActionMask = 2147483647;
			files = (
				DEB061EC26A81FDE00CD9FEB /* WalkthroughPageVC.swift in Sources */,
				DE750674267B4645001345F2 /* Cafe.swift in Sources */,
				DE75067F267C4DD2001345F2 /* CafeDetailTextCell.swift in Sources */,
				18712D1426AAB26C0040DBED /* HyperLinkCell.swift in Sources */,
				DEB061EE26A8239A00CD9FEB /* WalkthroughVC.swift in Sources */,
				DE750661267B418B001345F2 /* CafeDetailVC.swift in Sources */,
				DE9CD5582686D5E000F9B4F6 /* GoogleMapVC.swift in Sources */,
				DE75065D267B418B001345F2 /* AppDelegate.swift in Sources */,
				1813542426AEF681007E337B /* MapClusterIconGenerator.swift in Sources */,
				DE300088269C4139005772F0 /* AboutVC.swift in Sources */,
				DE68B9EF269B33C6007A9ACA /* CafeListCell.swift in Sources */,
				DE300076269B407B005772F0 /* paddingLabel.swift in Sources */,
				DE75067C267C4B63001345F2 /* CafeDetailIconTextCell.swift in Sources */,
				DEB061EA26A81DE600CD9FEB /* WalkthroughContentVC.swift in Sources */,
				DE7A7C15269E97CF00315E98 /* CafeDetailRatingCell.swift in Sources */,
				DE75065F267B418B001345F2 /* SceneDelegate.swift in Sources */,
				DECB0D9D267C941500833614 /* Colors.swift in Sources */,
				DEFFE67F2687751D00E654A5 /* CafeManager.swift in Sources */,
				DE30008C269C4299005772F0 /* CafeTabBarController.swift in Sources */,
				DE750677267B471B001345F2 /* CafeListVC.swift in Sources */,
			);
			runOnlyForDeploymentPostprocessing = 0;
		};
/* End PBXSourcesBuildPhase section */

/* Begin PBXVariantGroup section */
		DE750662267B418B001345F2 /* Main.storyboard */ = {
			isa = PBXVariantGroup;
			children = (
				DE750663267B418B001345F2 /* Base */,
			);
			name = Main.storyboard;
			sourceTree = "<group>";
		};
		DE750667267B418D001345F2 /* LaunchScreen.storyboard */ = {
			isa = PBXVariantGroup;
			children = (
				DE750668267B418D001345F2 /* Base */,
			);
			name = LaunchScreen.storyboard;
			sourceTree = "<group>";
		};
/* End PBXVariantGroup section */

/* Begin XCBuildConfiguration section */
		DE75066B267B418D001345F2 /* Debug */ = {
			isa = XCBuildConfiguration;
			buildSettings = {
				ALWAYS_SEARCH_USER_PATHS = NO;
				CLANG_ANALYZER_NONNULL = YES;
				CLANG_ANALYZER_NUMBER_OBJECT_CONVERSION = YES_AGGRESSIVE;
				CLANG_CXX_LANGUAGE_STANDARD = "gnu++14";
				CLANG_CXX_LIBRARY = "libc++";
				CLANG_ENABLE_MODULES = YES;
				CLANG_ENABLE_OBJC_ARC = YES;
				CLANG_ENABLE_OBJC_WEAK = YES;
				CLANG_WARN_BLOCK_CAPTURE_AUTORELEASING = YES;
				CLANG_WARN_BOOL_CONVERSION = YES;
				CLANG_WARN_COMMA = YES;
				CLANG_WARN_CONSTANT_CONVERSION = YES;
				CLANG_WARN_DEPRECATED_OBJC_IMPLEMENTATIONS = YES;
				CLANG_WARN_DIRECT_OBJC_ISA_USAGE = YES_ERROR;
				CLANG_WARN_DOCUMENTATION_COMMENTS = YES;
				CLANG_WARN_EMPTY_BODY = YES;
				CLANG_WARN_ENUM_CONVERSION = YES;
				CLANG_WARN_INFINITE_RECURSION = YES;
				CLANG_WARN_INT_CONVERSION = YES;
				CLANG_WARN_NON_LITERAL_NULL_CONVERSION = YES;
				CLANG_WARN_OBJC_IMPLICIT_RETAIN_SELF = YES;
				CLANG_WARN_OBJC_LITERAL_CONVERSION = YES;
				CLANG_WARN_OBJC_ROOT_CLASS = YES_ERROR;
				CLANG_WARN_QUOTED_INCLUDE_IN_FRAMEWORK_HEADER = YES;
				CLANG_WARN_RANGE_LOOP_ANALYSIS = YES;
				CLANG_WARN_STRICT_PROTOTYPES = YES;
				CLANG_WARN_SUSPICIOUS_MOVE = YES;
				CLANG_WARN_UNGUARDED_AVAILABILITY = YES_AGGRESSIVE;
				CLANG_WARN_UNREACHABLE_CODE = YES;
				CLANG_WARN__DUPLICATE_METHOD_MATCH = YES;
				COPY_PHASE_STRIP = NO;
				DEBUG_INFORMATION_FORMAT = dwarf;
				ENABLE_STRICT_OBJC_MSGSEND = YES;
				ENABLE_TESTABILITY = YES;
				GCC_C_LANGUAGE_STANDARD = gnu11;
				GCC_DYNAMIC_NO_PIC = NO;
				GCC_NO_COMMON_BLOCKS = YES;
				GCC_OPTIMIZATION_LEVEL = 0;
				GCC_PREPROCESSOR_DEFINITIONS = (
					"DEBUG=1",
					"$(inherited)",
				);
				GCC_WARN_64_TO_32_BIT_CONVERSION = YES;
				GCC_WARN_ABOUT_RETURN_TYPE = YES_ERROR;
				GCC_WARN_UNDECLARED_SELECTOR = YES;
				GCC_WARN_UNINITIALIZED_AUTOS = YES_AGGRESSIVE;
				GCC_WARN_UNUSED_FUNCTION = YES;
				GCC_WARN_UNUSED_VARIABLE = YES;
				IPHONEOS_DEPLOYMENT_TARGET = 14.4;
				MTL_ENABLE_DEBUG_INFO = INCLUDE_SOURCE;
				MTL_FAST_MATH = YES;
				ONLY_ACTIVE_ARCH = YES;
				SDKROOT = iphoneos;
				SWIFT_ACTIVE_COMPILATION_CONDITIONS = DEBUG;
				SWIFT_OPTIMIZATION_LEVEL = "-Onone";
			};
			name = Debug;
		};
		DE75066C267B418D001345F2 /* Release */ = {
			isa = XCBuildConfiguration;
			buildSettings = {
				ALWAYS_SEARCH_USER_PATHS = NO;
				CLANG_ANALYZER_NONNULL = YES;
				CLANG_ANALYZER_NUMBER_OBJECT_CONVERSION = YES_AGGRESSIVE;
				CLANG_CXX_LANGUAGE_STANDARD = "gnu++14";
				CLANG_CXX_LIBRARY = "libc++";
				CLANG_ENABLE_MODULES = YES;
				CLANG_ENABLE_OBJC_ARC = YES;
				CLANG_ENABLE_OBJC_WEAK = YES;
				CLANG_WARN_BLOCK_CAPTURE_AUTORELEASING = YES;
				CLANG_WARN_BOOL_CONVERSION = YES;
				CLANG_WARN_COMMA = YES;
				CLANG_WARN_CONSTANT_CONVERSION = YES;
				CLANG_WARN_DEPRECATED_OBJC_IMPLEMENTATIONS = YES;
				CLANG_WARN_DIRECT_OBJC_ISA_USAGE = YES_ERROR;
				CLANG_WARN_DOCUMENTATION_COMMENTS = YES;
				CLANG_WARN_EMPTY_BODY = YES;
				CLANG_WARN_ENUM_CONVERSION = YES;
				CLANG_WARN_INFINITE_RECURSION = YES;
				CLANG_WARN_INT_CONVERSION = YES;
				CLANG_WARN_NON_LITERAL_NULL_CONVERSION = YES;
				CLANG_WARN_OBJC_IMPLICIT_RETAIN_SELF = YES;
				CLANG_WARN_OBJC_LITERAL_CONVERSION = YES;
				CLANG_WARN_OBJC_ROOT_CLASS = YES_ERROR;
				CLANG_WARN_QUOTED_INCLUDE_IN_FRAMEWORK_HEADER = YES;
				CLANG_WARN_RANGE_LOOP_ANALYSIS = YES;
				CLANG_WARN_STRICT_PROTOTYPES = YES;
				CLANG_WARN_SUSPICIOUS_MOVE = YES;
				CLANG_WARN_UNGUARDED_AVAILABILITY = YES_AGGRESSIVE;
				CLANG_WARN_UNREACHABLE_CODE = YES;
				CLANG_WARN__DUPLICATE_METHOD_MATCH = YES;
				COPY_PHASE_STRIP = NO;
				DEBUG_INFORMATION_FORMAT = "dwarf-with-dsym";
				ENABLE_NS_ASSERTIONS = NO;
				ENABLE_STRICT_OBJC_MSGSEND = YES;
				GCC_C_LANGUAGE_STANDARD = gnu11;
				GCC_NO_COMMON_BLOCKS = YES;
				GCC_WARN_64_TO_32_BIT_CONVERSION = YES;
				GCC_WARN_ABOUT_RETURN_TYPE = YES_ERROR;
				GCC_WARN_UNDECLARED_SELECTOR = YES;
				GCC_WARN_UNINITIALIZED_AUTOS = YES_AGGRESSIVE;
				GCC_WARN_UNUSED_FUNCTION = YES;
				GCC_WARN_UNUSED_VARIABLE = YES;
				IPHONEOS_DEPLOYMENT_TARGET = 14.4;
				MTL_ENABLE_DEBUG_INFO = NO;
				MTL_FAST_MATH = YES;
				SDKROOT = iphoneos;
				SWIFT_COMPILATION_MODE = wholemodule;
				SWIFT_OPTIMIZATION_LEVEL = "-O";
				VALIDATE_PRODUCT = YES;
			};
			name = Release;
		};
		DE75066E267B418D001345F2 /* Debug */ = {
			isa = XCBuildConfiguration;
			baseConfigurationReference = 43FA61324987D2E5CA6D6D56 /* Pods-CafeList.debug.xcconfig */;
			buildSettings = {
				ARCHS = (
					"armv7,",
					"armv7s,",
					"arm64,",
					"arm64e,",
					x86_64,
					"$(ARCHS_STANDARD)",
				);
				ASSETCATALOG_COMPILER_APPICON_NAME = AppIcon;
				ASSETCATALOG_COMPILER_GLOBAL_ACCENT_COLOR_NAME = AccentColor;
				CODE_SIGN_STYLE = Automatic;
				DEBUG_INFORMATION_FORMAT = "dwarf-with-dsym";
				DEVELOPMENT_TEAM = 65QQ97XV3Q;
				ENABLE_ONLY_ACTIVE_RESOURCES = YES;
				INFOPLIST_FILE = CafeList/Info.plist;
				IPHONEOS_DEPLOYMENT_TARGET = 13.0;
				LD_RUNPATH_SEARCH_PATHS = (
					"$(inherited)",
					"@executable_path/Frameworks",
				);
				ONLY_ACTIVE_ARCH = NO;
				PRODUCT_BUNDLE_IDENTIFIER = com.judytsai.CafeList;
				PRODUCT_NAME = "$(TARGET_NAME)";
				SWIFT_VERSION = 5.0;
				TARGETED_DEVICE_FAMILY = "1,2";
			};
			name = Debug;
		};
		DE75066F267B418D001345F2 /* Release */ = {
			isa = XCBuildConfiguration;
			baseConfigurationReference = 190A83A7DB9C6752A29B74CF /* Pods-CafeList.release.xcconfig */;
			buildSettings = {
				ARCHS = (
					"armv7,",
					"armv7s,",
					"arm64,",
					"arm64e,",
					x86_64,
					"$(ARCHS_STANDARD)",
				);
				ASSETCATALOG_COMPILER_APPICON_NAME = AppIcon;
				ASSETCATALOG_COMPILER_GLOBAL_ACCENT_COLOR_NAME = AccentColor;
				CODE_SIGN_STYLE = Automatic;
				DEVELOPMENT_TEAM = 65QQ97XV3Q;
				ENABLE_ONLY_ACTIVE_RESOURCES = YES;
				INFOPLIST_FILE = CafeList/Info.plist;
				IPHONEOS_DEPLOYMENT_TARGET = 13.0;
				LD_RUNPATH_SEARCH_PATHS = (
					"$(inherited)",
					"@executable_path/Frameworks",
				);
				ONLY_ACTIVE_ARCH = NO;
				PRODUCT_BUNDLE_IDENTIFIER = com.judytsai.CafeList;
				PRODUCT_NAME = "$(TARGET_NAME)";
				SWIFT_VERSION = 5.0;
				TARGETED_DEVICE_FAMILY = "1,2";
			};
			name = Release;
		};
/* End XCBuildConfiguration section */

/* Begin XCConfigurationList section */
		DE750654267B418B001345F2 /* Build configuration list for PBXProject "CafeList" */ = {
			isa = XCConfigurationList;
			buildConfigurations = (
				DE75066B267B418D001345F2 /* Debug */,
				DE75066C267B418D001345F2 /* Release */,
			);
			defaultConfigurationIsVisible = 0;
			defaultConfigurationName = Release;
		};
		DE75066D267B418D001345F2 /* Build configuration list for PBXNativeTarget "CafeList" */ = {
			isa = XCConfigurationList;
			buildConfigurations = (
				DE75066E267B418D001345F2 /* Debug */,
				DE75066F267B418D001345F2 /* Release */,
			);
			defaultConfigurationIsVisible = 0;
			defaultConfigurationName = Release;
		};
/* End XCConfigurationList section */
	};
	rootObject = DE750651267B418B001345F2 /* Project object */;
}
