// !$*UTF8*$!
{
	archiveVersion = 1;
	classes = {
	};
	objectVersion = 51;
	objects = {

/* Begin PBXBuildFile section */
		DE300076269B407B005772F0 /* paddingLabel.swift in Sources */ = {isa = PBXBuildFile; fileRef = DE300075269B407B005772F0 /* paddingLabel.swift */; };
		DE300088269C4139005772F0 /* AboutVC.swift in Sources */ = {isa = PBXBuildFile; fileRef = DE300087269C4139005772F0 /* AboutVC.swift */; };
		DE30008C269C4299005772F0 /* CafeTabBarController.swift in Sources */ = {isa = PBXBuildFile; fileRef = DE30008B269C4299005772F0 /* CafeTabBarController.swift */; };
		DE68B9EF269B33C6007A9ACA /* CafeListCell.swift in Sources */ = {isa = PBXBuildFile; fileRef = DE68B9EE269B33C6007A9ACA /* CafeListCell.swift */; };
		DE75065D267B418B001345F2 /* AppDelegate.swift in Sources */ = {isa = PBXBuildFile; fileRef = DE75065C267B418B001345F2 /* AppDelegate.swift */; };
		DE75065F267B418B001345F2 /* SceneDelegate.swift in Sources */ = {isa = PBXBuildFile; fileRef = DE75065E267B418B001345F2 /* SceneDelegate.swift */; };
		DE750661267B418B001345F2 /* CafeDetailVC.swift in Sources */ = {isa = PBXBuildFile; fileRef = DE750660267B418B001345F2 /* CafeDetailVC.swift */; };
		DE750664267B418B001345F2 /* Main.storyboard in Resources */ = {isa = PBXBuildFile; fileRef = DE750662267B418B001345F2 /* Main.storyboard */; };
		DE750666267B418D001345F2 /* Assets.xcassets in Resources */ = {isa = PBXBuildFile; fileRef = DE750665267B418D001345F2 /* Assets.xcassets */; };
		DE750669267B418D001345F2 /* LaunchScreen.storyboard in Resources */ = {isa = PBXBuildFile; fileRef = DE750667267B418D001345F2 /* LaunchScreen.storyboard */; };
		DE750674267B4645001345F2 /* Cafe.swift in Sources */ = {isa = PBXBuildFile; fileRef = DE750673267B4645001345F2 /* Cafe.swift */; };
		DE750677267B471B001345F2 /* CafeListVC.swift in Sources */ = {isa = PBXBuildFile; fileRef = DE750676267B471B001345F2 /* CafeListVC.swift */; };
		DE75067C267C4B63001345F2 /* CafeDetailIconTextCell.swift in Sources */ = {isa = PBXBuildFile; fileRef = DE75067B267C4B63001345F2 /* CafeDetailIconTextCell.swift */; };
		DE75067F267C4DD2001345F2 /* CafeDetailTextCell.swift in Sources */ = {isa = PBXBuildFile; fileRef = DE75067E267C4DD2001345F2 /* CafeDetailTextCell.swift */; };
		DE75068B267C681B001345F2 /* MapKit.framework in Frameworks */ = {isa = PBXBuildFile; fileRef = DE75068A267C681B001345F2 /* MapKit.framework */; };
		DE75069E267C77AD001345F2 /* Rubik-MediumItalic.ttf in Resources */ = {isa = PBXBuildFile; fileRef = DE750690267C77AC001345F2 /* Rubik-MediumItalic.ttf */; };
		DE75069F267C77AD001345F2 /* Rubik-SemiBoldItalic.ttf in Resources */ = {isa = PBXBuildFile; fileRef = DE750691267C77AD001345F2 /* Rubik-SemiBoldItalic.ttf */; };
		DE7506A0267C77AD001345F2 /* Rubik-Light.ttf in Resources */ = {isa = PBXBuildFile; fileRef = DE750692267C77AD001345F2 /* Rubik-Light.ttf */; };
		DE7506A1267C77AD001345F2 /* Rubik-ExtraBold.ttf in Resources */ = {isa = PBXBuildFile; fileRef = DE750693267C77AD001345F2 /* Rubik-ExtraBold.ttf */; };
		DE7506A2267C77AD001345F2 /* Rubik-Medium.ttf in Resources */ = {isa = PBXBuildFile; fileRef = DE750694267C77AD001345F2 /* Rubik-Medium.ttf */; };
		DE7506A3267C77AD001345F2 /* Rubik-Bold.ttf in Resources */ = {isa = PBXBuildFile; fileRef = DE750695267C77AD001345F2 /* Rubik-Bold.ttf */; };
		DE7506A4267C77AD001345F2 /* Rubik-LightItalic.ttf in Resources */ = {isa = PBXBuildFile; fileRef = DE750696267C77AD001345F2 /* Rubik-LightItalic.ttf */; };
		DE7506A5267C77AD001345F2 /* Rubik-SemiBold.ttf in Resources */ = {isa = PBXBuildFile; fileRef = DE750697267C77AD001345F2 /* Rubik-SemiBold.ttf */; };
		DE7506A6267C77AD001345F2 /* Rubik-BoldItalic.ttf in Resources */ = {isa = PBXBuildFile; fileRef = DE750698267C77AD001345F2 /* Rubik-BoldItalic.ttf */; };
		DE7506A7267C77AD001345F2 /* Rubik-Black.ttf in Resources */ = {isa = PBXBuildFile; fileRef = DE750699267C77AD001345F2 /* Rubik-Black.ttf */; };
		DE7506A8267C77AD001345F2 /* Rubik-BlackItalic.ttf in Resources */ = {isa = PBXBuildFile; fileRef = DE75069A267C77AD001345F2 /* Rubik-BlackItalic.ttf */; };
		DE7506A9267C77AD001345F2 /* Rubik-Italic.ttf in Resources */ = {isa = PBXBuildFile; fileRef = DE75069B267C77AD001345F2 /* Rubik-Italic.ttf */; };
		DE7506AA267C77AD001345F2 /* Rubik-ExtraBoldItalic.ttf in Resources */ = {isa = PBXBuildFile; fileRef = DE75069C267C77AD001345F2 /* Rubik-ExtraBoldItalic.ttf */; };
		DE7506AB267C77AD001345F2 /* Rubik-Regular.ttf in Resources */ = {isa = PBXBuildFile; fileRef = DE75069D267C77AD001345F2 /* Rubik-Regular.ttf */; };
		DE7506AF267C77BE001345F2 /* Rubik-Italic-VariableFont_wght.ttf in Resources */ = {isa = PBXBuildFile; fileRef = DE7506AD267C77BE001345F2 /* Rubik-Italic-VariableFont_wght.ttf */; };
		DE7506B0267C77BE001345F2 /* Rubik-VariableFont_wght.ttf in Resources */ = {isa = PBXBuildFile; fileRef = DE7506AE267C77BE001345F2 /* Rubik-VariableFont_wght.ttf */; };
		DE9CD5582686D5E000F9B4F6 /* GoogleMapVC.swift in Sources */ = {isa = PBXBuildFile; fileRef = DE9CD5572686D5E000F9B4F6 /* GoogleMapVC.swift */; };
		DECB0D9D267C941500833614 /* MyColors.swift in Sources */ = {isa = PBXBuildFile; fileRef = DECB0D9C267C941500833614 /* MyColors.swift */; };
		DEFFE67F2687751D00E654A5 /* CafeManager.swift in Sources */ = {isa = PBXBuildFile; fileRef = DEFFE67E2687751D00E654A5 /* CafeManager.swift */; };
		EBAFCEBE2EEB23F4391C0AB6 /* Pods_CafeList.framework in Frameworks */ = {isa = PBXBuildFile; fileRef = 47788F24B60511754248565A /* Pods_CafeList.framework */; };
/* End PBXBuildFile section */

/* Begin PBXFileReference section */
		190A83A7DB9C6752A29B74CF /* Pods-CafeList.release.xcconfig */ = {isa = PBXFileReference; includeInIndex = 1; lastKnownFileType = text.xcconfig; name = "Pods-CafeList.release.xcconfig"; path = "Target Support Files/Pods-CafeList/Pods-CafeList.release.xcconfig"; sourceTree = "<group>"; };
		43FA61324987D2E5CA6D6D56 /* Pods-CafeList.debug.xcconfig */ = {isa = PBXFileReference; includeInIndex = 1; lastKnownFileType = text.xcconfig; name = "Pods-CafeList.debug.xcconfig"; path = "Target Support Files/Pods-CafeList/Pods-CafeList.debug.xcconfig"; sourceTree = "<group>"; };
		47788F24B60511754248565A /* Pods_CafeList.framework */ = {isa = PBXFileReference; explicitFileType = wrapper.framework; includeInIndex = 0; path = Pods_CafeList.framework; sourceTree = BUILT_PRODUCTS_DIR; };
		DE300075269B407B005772F0 /* paddingLabel.swift */ = {isa = PBXFileReference; lastKnownFileType = sourcecode.swift; path = paddingLabel.swift; sourceTree = "<group>"; };
		DE300087269C4139005772F0 /* AboutVC.swift */ = {isa = PBXFileReference; lastKnownFileType = sourcecode.swift; path = AboutVC.swift; sourceTree = "<group>"; };
		DE30008B269C4299005772F0 /* CafeTabBarController.swift */ = {isa = PBXFileReference; lastKnownFileType = sourcecode.swift; path = CafeTabBarController.swift; sourceTree = "<group>"; };
		DE68B9EE269B33C6007A9ACA /* CafeListCell.swift */ = {isa = PBXFileReference; lastKnownFileType = sourcecode.swift; path = CafeListCell.swift; sourceTree = "<group>"; };
		DE750659267B418B001345F2 /* CafeList.app */ = {isa = PBXFileReference; explicitFileType = wrapper.application; includeInIndex = 0; path = CafeList.app; sourceTree = BUILT_PRODUCTS_DIR; };
		DE75065C267B418B001345F2 /* AppDelegate.swift */ = {isa = PBXFileReference; lastKnownFileType = sourcecode.swift; path = AppDelegate.swift; sourceTree = "<group>"; };
		DE75065E267B418B001345F2 /* SceneDelegate.swift */ = {isa = PBXFileReference; lastKnownFileType = sourcecode.swift; path = SceneDelegate.swift; sourceTree = "<group>"; };
		DE750660267B418B001345F2 /* CafeDetailVC.swift */ = {isa = PBXFileReference; lastKnownFileType = sourcecode.swift; path = CafeDetailVC.swift; sourceTree = "<group>"; };
		DE750663267B418B001345F2 /* Base */ = {isa = PBXFileReference; lastKnownFileType = file.storyboard; name = Base; path = Base.lproj/Main.storyboard; sourceTree = "<group>"; };
		DE750665267B418D001345F2 /* Assets.xcassets */ = {isa = PBXFileReference; lastKnownFileType = folder.assetcatalog; path = Assets.xcassets; sourceTree = "<group>"; };
		DE750668267B418D001345F2 /* Base */ = {isa = PBXFileReference; lastKnownFileType = file.storyboard; name = Base; path = Base.lproj/LaunchScreen.storyboard; sourceTree = "<group>"; };
		DE75066A267B418D001345F2 /* Info.plist */ = {isa = PBXFileReference; lastKnownFileType = text.plist.xml; path = Info.plist; sourceTree = "<group>"; };
		DE750673267B4645001345F2 /* Cafe.swift */ = {isa = PBXFileReference; lastKnownFileType = sourcecode.swift; path = Cafe.swift; sourceTree = "<group>"; };
		DE750676267B471B001345F2 /* CafeListVC.swift */ = {isa = PBXFileReference; lastKnownFileType = sourcecode.swift; path = CafeListVC.swift; sourceTree = "<group>"; };
		DE75067B267C4B63001345F2 /* CafeDetailIconTextCell.swift */ = {isa = PBXFileReference; lastKnownFileType = sourcecode.swift; path = CafeDetailIconTextCell.swift; sourceTree = "<group>"; };
		DE75067E267C4DD2001345F2 /* CafeDetailTextCell.swift */ = {isa = PBXFileReference; lastKnownFileType = sourcecode.swift; path = CafeDetailTextCell.swift; sourceTree = "<group>"; };
		DE75068A267C681B001345F2 /* MapKit.framework */ = {isa = PBXFileReference; lastKnownFileType = wrapper.framework; name = MapKit.framework; path = System/Library/Frameworks/MapKit.framework; sourceTree = SDKROOT; };
		DE750690267C77AC001345F2 /* Rubik-MediumItalic.ttf */ = {isa = PBXFileReference; lastKnownFileType = file; path = "Rubik-MediumItalic.ttf"; sourceTree = "<group>"; };
		DE750691267C77AD001345F2 /* Rubik-SemiBoldItalic.ttf */ = {isa = PBXFileReference; lastKnownFileType = file; path = "Rubik-SemiBoldItalic.ttf"; sourceTree = "<group>"; };
		DE750692267C77AD001345F2 /* Rubik-Light.ttf */ = {isa = PBXFileReference; lastKnownFileType = file; path = "Rubik-Light.ttf"; sourceTree = "<group>"; };
		DE750693267C77AD001345F2 /* Rubik-ExtraBold.ttf */ = {isa = PBXFileReference; lastKnownFileType = file; path = "Rubik-ExtraBold.ttf"; sourceTree = "<group>"; };
		DE750694267C77AD001345F2 /* Rubik-Medium.ttf */ = {isa = PBXFileReference; lastKnownFileType = file; path = "Rubik-Medium.ttf"; sourceTree = "<group>"; };
		DE750695267C77AD001345F2 /* Rubik-Bold.ttf */ = {isa = PBXFileReference; lastKnownFileType = file; path = "Rubik-Bold.ttf"; sourceTree = "<group>"; };
		DE750696267C77AD001345F2 /* Rubik-LightItalic.ttf */ = {isa = PBXFileReference; lastKnownFileType = file; path = "Rubik-LightItalic.ttf"; sourceTree = "<group>"; };
		DE750697267C77AD001345F2 /* Rubik-SemiBold.ttf */ = {isa = PBXFileReference; lastKnownFileType = file; path = "Rubik-SemiBold.ttf"; sourceTree = "<group>"; };
		DE750698267C77AD001345F2 /* Rubik-BoldItalic.ttf */ = {isa = PBXFileReference; lastKnownFileType = file; path = "Rubik-BoldItalic.ttf"; sourceTree = "<group>"; };
		DE750699267C77AD001345F2 /* Rubik-Black.ttf */ = {isa = PBXFileReference; lastKnownFileType = file; path = "Rubik-Black.ttf"; sourceTree = "<group>"; };
		DE75069A267C77AD001345F2 /* Rubik-BlackItalic.ttf */ = {isa = PBXFileReference; lastKnownFileType = file; path = "Rubik-BlackItalic.ttf"; sourceTree = "<group>"; };
		DE75069B267C77AD001345F2 /* Rubik-Italic.ttf */ = {isa = PBXFileReference; lastKnownFileType = file; path = "Rubik-Italic.ttf"; sourceTree = "<group>"; };
		DE75069C267C77AD001345F2 /* Rubik-ExtraBoldItalic.ttf */ = {isa = PBXFileReference; lastKnownFileType = file; path = "Rubik-ExtraBoldItalic.ttf"; sourceTree = "<group>"; };
		DE75069D267C77AD001345F2 /* Rubik-Regular.ttf */ = {isa = PBXFileReference; lastKnownFileType = file; path = "Rubik-Regular.ttf"; sourceTree = "<group>"; };
		DE7506AD267C77BE001345F2 /* Rubik-Italic-VariableFont_wght.ttf */ = {isa = PBXFileReference; lastKnownFileType = file; path = "Rubik-Italic-VariableFont_wght.ttf"; sourceTree = "<group>"; };
		DE7506AE267C77BE001345F2 /* Rubik-VariableFont_wght.ttf */ = {isa = PBXFileReference; lastKnownFileType = file; path = "Rubik-VariableFont_wght.ttf"; sourceTree = "<group>"; };
		DE9CD5572686D5E000F9B4F6 /* GoogleMapVC.swift */ = {isa = PBXFileReference; lastKnownFileType = sourcecode.swift; path = GoogleMapVC.swift; sourceTree = "<group>"; };
		DECB0D9C267C941500833614 /* MyColors.swift */ = {isa = PBXFileReference; fileEncoding = 4; lastKnownFileType = sourcecode.swift; path = MyColors.swift; sourceTree = "<group>"; };
		DEFFE67E2687751D00E654A5 /* CafeManager.swift */ = {isa = PBXFileReference; lastKnownFileType = sourcecode.swift; path = CafeManager.swift; sourceTree = "<group>"; };
/* End PBXFileReference section */

/* Begin PBXFrameworksBuildPhase section */
		DE750656267B418B001345F2 /* Frameworks */ = {
			isa = PBXFrameworksBuildPhase;
			buildActionMask = 2147483647;
			files = (
				DE75068B267C681B001345F2 /* MapKit.framework in Frameworks */,
				EBAFCEBE2EEB23F4391C0AB6 /* Pods_CafeList.framework in Frameworks */,
			);
			runOnlyForDeploymentPostprocessing = 0;
		};
/* End PBXFrameworksBuildPhase section */

/* Begin PBXGroup section */
		8EFEBDA4F374CCC11586D24F /* Pods */ = {
			isa = PBXGroup;
			children = (
				43FA61324987D2E5CA6D6D56 /* Pods-CafeList.debug.xcconfig */,
				190A83A7DB9C6752A29B74CF /* Pods-CafeList.release.xcconfig */,
			);
			path = Pods;
			sourceTree = "<group>";
		};
		DE750650267B418B001345F2 = {
			isa = PBXGroup;
			children = (
				DE75065B267B418B001345F2 /* CafeList */,
				DE75068F267C76C0001345F2 /* Resources */,
				DE75065A267B418B001345F2 /* Products */,
				DE750689267C681B001345F2 /* Frameworks */,
				8EFEBDA4F374CCC11586D24F /* Pods */,
			);
			sourceTree = "<group>";
		};
		DE75065A267B418B001345F2 /* Products */ = {
			isa = PBXGroup;
			children = (
				DE750659267B418B001345F2 /* CafeList.app */,
			);
			name = Products;
			sourceTree = "<group>";
		};
		DE75065B267B418B001345F2 /* CafeList */ = {
			isa = PBXGroup;
			children = (
				DE75065C267B418B001345F2 /* AppDelegate.swift */,
				DE75065E267B418B001345F2 /* SceneDelegate.swift */,
				DECB0D9C267C941500833614 /* MyColors.swift */,
				DE750683267C4EB6001345F2 /* Model */,
				DE750687267C4ED5001345F2 /* View */,
				DE750681267C4EA4001345F2 /* Controller */,
				DE750685267C4EC9001345F2 /* Cell */,
				DE750665267B418D001345F2 /* Assets.xcassets */,
				DE750667267B418D001345F2 /* LaunchScreen.storyboard */,
				DE75066A267B418D001345F2 /* Info.plist */,
			);
			path = CafeList;
			sourceTree = "<group>";
		};
		DE750681267C4EA4001345F2 /* Controller */ = {
			isa = PBXGroup;
			children = (
				DE750676267B471B001345F2 /* CafeListVC.swift */,
				DE750660267B418B001345F2 /* CafeDetailVC.swift */,
				DE9CD5572686D5E000F9B4F6 /* GoogleMapVC.swift */,
				DE300087269C4139005772F0 /* AboutVC.swift */,
				DE30008B269C4299005772F0 /* CafeTabBarController.swift */,
			);
			path = Controller;
			sourceTree = "<group>";
		};
		DE750683267C4EB6001345F2 /* Model */ = {
			isa = PBXGroup;
			children = (
				DE750673267B4645001345F2 /* Cafe.swift */,
				DEFFE67E2687751D00E654A5 /* CafeManager.swift */,
			);
			path = Model;
			sourceTree = "<group>";
		};
		DE750685267C4EC9001345F2 /* Cell */ = {
			isa = PBXGroup;
			children = (
				DE68B9EE269B33C6007A9ACA /* CafeListCell.swift */,
				DE75067B267C4B63001345F2 /* CafeDetailIconTextCell.swift */,
				DE75067E267C4DD2001345F2 /* CafeDetailTextCell.swift */,
			);
			path = Cell;
			sourceTree = "<group>";
		};
		DE750687267C4ED5001345F2 /* View */ = {
			isa = PBXGroup;
			children = (
				DE750662267B418B001345F2 /* Main.storyboard */,
				DE300075269B407B005772F0 /* paddingLabel.swift */,
			);
			path = View;
			sourceTree = "<group>";
		};
		DE750689267C681B001345F2 /* Frameworks */ = {
			isa = PBXGroup;
			children = (
				DE75068A267C681B001345F2 /* MapKit.framework */,
				47788F24B60511754248565A /* Pods_CafeList.framework */,
			);
			name = Frameworks;
			sourceTree = "<group>";
		};
		DE75068F267C76C0001345F2 /* Resources */ = {
			isa = PBXGroup;
			children = (
				DE7506B2267C77C5001345F2 /* Fonts */,
			);
			path = Resources;
			sourceTree = "<group>";
		};
		DE7506B2267C77C5001345F2 /* Fonts */ = {
			isa = PBXGroup;
			children = (
				DE7506AD267C77BE001345F2 /* Rubik-Italic-VariableFont_wght.ttf */,
				DE7506AE267C77BE001345F2 /* Rubik-VariableFont_wght.ttf */,
				DE750699267C77AD001345F2 /* Rubik-Black.ttf */,
				DE75069A267C77AD001345F2 /* Rubik-BlackItalic.ttf */,
				DE750695267C77AD001345F2 /* Rubik-Bold.ttf */,
				DE750698267C77AD001345F2 /* Rubik-BoldItalic.ttf */,
				DE750693267C77AD001345F2 /* Rubik-ExtraBold.ttf */,
				DE75069C267C77AD001345F2 /* Rubik-ExtraBoldItalic.ttf */,
				DE75069B267C77AD001345F2 /* Rubik-Italic.ttf */,
				DE750692267C77AD001345F2 /* Rubik-Light.ttf */,
				DE750696267C77AD001345F2 /* Rubik-LightItalic.ttf */,
				DE750694267C77AD001345F2 /* Rubik-Medium.ttf */,
				DE750690267C77AC001345F2 /* Rubik-MediumItalic.ttf */,
				DE75069D267C77AD001345F2 /* Rubik-Regular.ttf */,
				DE750697267C77AD001345F2 /* Rubik-SemiBold.ttf */,
				DE750691267C77AD001345F2 /* Rubik-SemiBoldItalic.ttf */,
			);
			path = Fonts;
			sourceTree = "<group>";
		};
/* End PBXGroup section */

/* Begin PBXNativeTarget section */
		DE750658267B418B001345F2 /* CafeList */ = {
			isa = PBXNativeTarget;
			buildConfigurationList = DE75066D267B418D001345F2 /* Build configuration list for PBXNativeTarget "CafeList" */;
			buildPhases = (
				8D7A6F425E2E9907AC428302 /* [CP] Check Pods Manifest.lock */,
				DE750655267B418B001345F2 /* Sources */,
				DE750656267B418B001345F2 /* Frameworks */,
				DE750657267B418B001345F2 /* Resources */,
				F966D694870A3AD76A2A503E /* [CP] Copy Pods Resources */,
			);
			buildRules = (
			);
			dependencies = (
			);
			name = CafeList;
			productName = CafeList;
			productReference = DE750659267B418B001345F2 /* CafeList.app */;
			productType = "com.apple.product-type.application";
		};
/* End PBXNativeTarget section */

/* Begin PBXProject section */
		DE750651267B418B001345F2 /* Project object */ = {
			isa = PBXProject;
			attributes = {
				LastSwiftUpdateCheck = 1240;
				LastUpgradeCheck = 1240;
				TargetAttributes = {
					DE750658267B418B001345F2 = {
						CreatedOnToolsVersion = 12.4;
					};
				};
			};
			buildConfigurationList = DE750654267B418B001345F2 /* Build configuration list for PBXProject "CafeList" */;
			compatibilityVersion = "Xcode 9.3";
			developmentRegion = en;
			hasScannedForEncodings = 0;
			knownRegions = (
				en,
				Base,
			);
			mainGroup = DE750650267B418B001345F2;
			productRefGroup = DE75065A267B418B001345F2 /* Products */;
			projectDirPath = "";
			projectRoot = "";
			targets = (
				DE750658267B418B001345F2 /* CafeList */,
			);
		};
/* End PBXProject section */

/* Begin PBXResourcesBuildPhase section */
		DE750657267B418B001345F2 /* Resources */ = {
			isa = PBXResourcesBuildPhase;
			buildActionMask = 2147483647;
			files = (
				DE750669267B418D001345F2 /* LaunchScreen.storyboard in Resources */,
				DE7506A7267C77AD001345F2 /* Rubik-Black.ttf in Resources */,
				DE7506A6267C77AD001345F2 /* Rubik-BoldItalic.ttf in Resources */,
				DE7506B0267C77BE001345F2 /* Rubik-VariableFont_wght.ttf in Resources */,
				DE7506A4267C77AD001345F2 /* Rubik-LightItalic.ttf in Resources */,
				DE7506A8267C77AD001345F2 /* Rubik-BlackItalic.ttf in Resources */,
				DE7506A3267C77AD001345F2 /* Rubik-Bold.ttf in Resources */,
				DE7506A0267C77AD001345F2 /* Rubik-Light.ttf in Resources */,
				DE750666267B418D001345F2 /* Assets.xcassets in Resources */,
				DE75069F267C77AD001345F2 /* Rubik-SemiBoldItalic.ttf in Resources */,
				DE7506AF267C77BE001345F2 /* Rubik-Italic-VariableFont_wght.ttf in Resources */,
				DE750664267B418B001345F2 /* Main.storyboard in Resources */,
				DE7506AA267C77AD001345F2 /* Rubik-ExtraBoldItalic.ttf in Resources */,
				DE7506A1267C77AD001345F2 /* Rubik-ExtraBold.ttf in Resources */,
				DE7506A9267C77AD001345F2 /* Rubik-Italic.ttf in Resources */,
				DE7506AB267C77AD001345F2 /* Rubik-Regular.ttf in Resources */,
				DE7506A5267C77AD001345F2 /* Rubik-SemiBold.ttf in Resources */,
				DE75069E267C77AD001345F2 /* Rubik-MediumItalic.ttf in Resources */,
				DE7506A2267C77AD001345F2 /* Rubik-Medium.ttf in Resources */,
			);
			runOnlyForDeploymentPostprocessing = 0;
		};
/* End PBXResourcesBuildPhase section */

/* Begin PBXShellScriptBuildPhase section */
		8D7A6F425E2E9907AC428302 /* [CP] Check Pods Manifest.lock */ = {
			isa = PBXShellScriptBuildPhase;
			buildActionMask = 2147483647;
			files = (
			);
			inputFileListPaths = (
			);
			inputPaths = (
				"${PODS_PODFILE_DIR_PATH}/Podfile.lock",
				"${PODS_ROOT}/Manifest.lock",
			);
			name = "[CP] Check Pods Manifest.lock";
			outputFileListPaths = (
			);
			outputPaths = (
				"$(DERIVED_FILE_DIR)/Pods-CafeList-checkManifestLockResult.txt",
			);
			runOnlyForDeploymentPostprocessing = 0;
			shellPath = /bin/sh;
			shellScript = "diff \"${PODS_PODFILE_DIR_PATH}/Podfile.lock\" \"${PODS_ROOT}/Manifest.lock\" > /dev/null\nif [ $? != 0 ] ; then\n    # print error to STDERR\n    echo \"error: The sandbox is not in sync with the Podfile.lock. Run 'pod install' or update your CocoaPods installation.\" >&2\n    exit 1\nfi\n# This output is used by Xcode 'outputs' to avoid re-running this script phase.\necho \"SUCCESS\" > \"${SCRIPT_OUTPUT_FILE_0}\"\n";
			showEnvVarsInLog = 0;
		};
		F966D694870A3AD76A2A503E /* [CP] Copy Pods Resources */ = {
			isa = PBXShellScriptBuildPhase;
			buildActionMask = 2147483647;
			files = (
			);
			inputFileListPaths = (
				"${PODS_ROOT}/Target Support Files/Pods-CafeList/Pods-CafeList-resources-${CONFIGURATION}-input-files.xcfilelist",
			);
			name = "[CP] Copy Pods Resources";
			outputFileListPaths = (
				"${PODS_ROOT}/Target Support Files/Pods-CafeList/Pods-CafeList-resources-${CONFIGURATION}-output-files.xcfilelist",
			);
			runOnlyForDeploymentPostprocessing = 0;
			shellPath = /bin/sh;
			shellScript = "\"${PODS_ROOT}/Target Support Files/Pods-CafeList/Pods-CafeList-resources.sh\"\n";
			showEnvVarsInLog = 0;
		};
/* End PBXShellScriptBuildPhase section */

/* Begin PBXSourcesBuildPhase section */
		DE750655267B418B001345F2 /* Sources */ = {
			isa = PBXSourcesBuildPhase;
			buildActionMask = 2147483647;
			files = (
				DE750674267B4645001345F2 /* Cafe.swift in Sources */,
				DE75067F267C4DD2001345F2 /* CafeDetailTextCell.swift in Sources */,
				DE750661267B418B001345F2 /* CafeDetailVC.swift in Sources */,
				DE9CD5582686D5E000F9B4F6 /* GoogleMapVC.swift in Sources */,
				DE75065D267B418B001345F2 /* AppDelegate.swift in Sources */,
				DE300088269C4139005772F0 /* AboutVC.swift in Sources */,
				DE68B9EF269B33C6007A9ACA /* CafeListCell.swift in Sources */,
				DE300076269B407B005772F0 /* paddingLabel.swift in Sources */,
				DE75067C267C4B63001345F2 /* CafeDetailIconTextCell.swift in Sources */,
				DE75065F267B418B001345F2 /* SceneDelegate.swift in Sources */,
				DECB0D9D267C941500833614 /* MyColors.swift in Sources */,
				DEFFE67F2687751D00E654A5 /* CafeManager.swift in Sources */,
				DE30008C269C4299005772F0 /* CafeTabBarController.swift in Sources */,
				DE750677267B471B001345F2 /* CafeListVC.swift in Sources */,
			);
			runOnlyForDeploymentPostprocessing = 0;
		};
/* End PBXSourcesBuildPhase section */

/* Begin PBXVariantGroup section */
		DE750662267B418B001345F2 /* Main.storyboard */ = {
			isa = PBXVariantGroup;
			children = (
				DE750663267B418B001345F2 /* Base */,
			);
			name = Main.storyboard;
			sourceTree = "<group>";
		};
		DE750667267B418D001345F2 /* LaunchScreen.storyboard */ = {
			isa = PBXVariantGroup;
			children = (
				DE750668267B418D001345F2 /* Base */,
			);
			name = LaunchScreen.storyboard;
			sourceTree = "<group>";
		};
/* End PBXVariantGroup section */

/* Begin XCBuildConfiguration section */
		DE75066B267B418D001345F2 /* Debug */ = {
			isa = XCBuildConfiguration;
			buildSettings = {
				ALWAYS_SEARCH_USER_PATHS = NO;
				CLANG_ANALYZER_NONNULL = YES;
				CLANG_ANALYZER_NUMBER_OBJECT_CONVERSION = YES_AGGRESSIVE;
				CLANG_CXX_LANGUAGE_STANDARD = "gnu++14";
				CLANG_CXX_LIBRARY = "libc++";
				CLANG_ENABLE_MODULES = YES;
				CLANG_ENABLE_OBJC_ARC = YES;
				CLANG_ENABLE_OBJC_WEAK = YES;
				CLANG_WARN_BLOCK_CAPTURE_AUTORELEASING = YES;
				CLANG_WARN_BOOL_CONVERSION = YES;
				CLANG_WARN_COMMA = YES;
				CLANG_WARN_CONSTANT_CONVERSION = YES;
				CLANG_WARN_DEPRECATED_OBJC_IMPLEMENTATIONS = YES;
				CLANG_WARN_DIRECT_OBJC_ISA_USAGE = YES_ERROR;
				CLANG_WARN_DOCUMENTATION_COMMENTS = YES;
				CLANG_WARN_EMPTY_BODY = YES;
				CLANG_WARN_ENUM_CONVERSION = YES;
				CLANG_WARN_INFINITE_RECURSION = YES;
				CLANG_WARN_INT_CONVERSION = YES;
				CLANG_WARN_NON_LITERAL_NULL_CONVERSION = YES;
				CLANG_WARN_OBJC_IMPLICIT_RETAIN_SELF = YES;
				CLANG_WARN_OBJC_LITERAL_CONVERSION = YES;
				CLANG_WARN_OBJC_ROOT_CLASS = YES_ERROR;
				CLANG_WARN_QUOTED_INCLUDE_IN_FRAMEWORK_HEADER = YES;
				CLANG_WARN_RANGE_LOOP_ANALYSIS = YES;
				CLANG_WARN_STRICT_PROTOTYPES = YES;
				CLANG_WARN_SUSPICIOUS_MOVE = YES;
				CLANG_WARN_UNGUARDED_AVAILABILITY = YES_AGGRESSIVE;
				CLANG_WARN_UNREACHABLE_CODE = YES;
				CLANG_WARN__DUPLICATE_METHOD_MATCH = YES;
				COPY_PHASE_STRIP = NO;
				DEBUG_INFORMATION_FORMAT = dwarf;
				ENABLE_STRICT_OBJC_MSGSEND = YES;
				ENABLE_TESTABILITY = YES;
				GCC_C_LANGUAGE_STANDARD = gnu11;
				GCC_DYNAMIC_NO_PIC = NO;
				GCC_NO_COMMON_BLOCKS = YES;
				GCC_OPTIMIZATION_LEVEL = 0;
				GCC_PREPROCESSOR_DEFINITIONS = (
					"DEBUG=1",
					"$(inherited)",
				);
				GCC_WARN_64_TO_32_BIT_CONVERSION = YES;
				GCC_WARN_ABOUT_RETURN_TYPE = YES_ERROR;
				GCC_WARN_UNDECLARED_SELECTOR = YES;
				GCC_WARN_UNINITIALIZED_AUTOS = YES_AGGRESSIVE;
				GCC_WARN_UNUSED_FUNCTION = YES;
				GCC_WARN_UNUSED_VARIABLE = YES;
				IPHONEOS_DEPLOYMENT_TARGET = 14.4;
				MTL_ENABLE_DEBUG_INFO = INCLUDE_SOURCE;
				MTL_FAST_MATH = YES;
				ONLY_ACTIVE_ARCH = YES;
				SDKROOT = iphoneos;
				SWIFT_ACTIVE_COMPILATION_CONDITIONS = DEBUG;
				SWIFT_OPTIMIZATION_LEVEL = "-Onone";
			};
			name = Debug;
		};
		DE75066C267B418D001345F2 /* Release */ = {
			isa = XCBuildConfiguration;
			buildSettings = {
				ALWAYS_SEARCH_USER_PATHS = NO;
				CLANG_ANALYZER_NONNULL = YES;
				CLANG_ANALYZER_NUMBER_OBJECT_CONVERSION = YES_AGGRESSIVE;
				CLANG_CXX_LANGUAGE_STANDARD = "gnu++14";
				CLANG_CXX_LIBRARY = "libc++";
				CLANG_ENABLE_MODULES = YES;
				CLANG_ENABLE_OBJC_ARC = YES;
				CLANG_ENABLE_OBJC_WEAK = YES;
				CLANG_WARN_BLOCK_CAPTURE_AUTORELEASING = YES;
				CLANG_WARN_BOOL_CONVERSION = YES;
				CLANG_WARN_COMMA = YES;
				CLANG_WARN_CONSTANT_CONVERSION = YES;
				CLANG_WARN_DEPRECATED_OBJC_IMPLEMENTATIONS = YES;
				CLANG_WARN_DIRECT_OBJC_ISA_USAGE = YES_ERROR;
				CLANG_WARN_DOCUMENTATION_COMMENTS = YES;
				CLANG_WARN_EMPTY_BODY = YES;
				CLANG_WARN_ENUM_CONVERSION = YES;
				CLANG_WARN_INFINITE_RECURSION = YES;
				CLANG_WARN_INT_CONVERSION = YES;
				CLANG_WARN_NON_LITERAL_NULL_CONVERSION = YES;
				CLANG_WARN_OBJC_IMPLICIT_RETAIN_SELF = YES;
				CLANG_WARN_OBJC_LITERAL_CONVERSION = YES;
				CLANG_WARN_OBJC_ROOT_CLASS = YES_ERROR;
				CLANG_WARN_QUOTED_INCLUDE_IN_FRAMEWORK_HEADER = YES;
				CLANG_WARN_RANGE_LOOP_ANALYSIS = YES;
				CLANG_WARN_STRICT_PROTOTYPES = YES;
				CLANG_WARN_SUSPICIOUS_MOVE = YES;
				CLANG_WARN_UNGUARDED_AVAILABILITY = YES_AGGRESSIVE;
				CLANG_WARN_UNREACHABLE_CODE = YES;
				CLANG_WARN__DUPLICATE_METHOD_MATCH = YES;
				COPY_PHASE_STRIP = NO;
				DEBUG_INFORMATION_FORMAT = "dwarf-with-dsym";
				ENABLE_NS_ASSERTIONS = NO;
				ENABLE_STRICT_OBJC_MSGSEND = YES;
				GCC_C_LANGUAGE_STANDARD = gnu11;
				GCC_NO_COMMON_BLOCKS = YES;
				GCC_WARN_64_TO_32_BIT_CONVERSION = YES;
				GCC_WARN_ABOUT_RETURN_TYPE = YES_ERROR;
				GCC_WARN_UNDECLARED_SELECTOR = YES;
				GCC_WARN_UNINITIALIZED_AUTOS = YES_AGGRESSIVE;
				GCC_WARN_UNUSED_FUNCTION = YES;
				GCC_WARN_UNUSED_VARIABLE = YES;
				IPHONEOS_DEPLOYMENT_TARGET = 14.4;
				MTL_ENABLE_DEBUG_INFO = NO;
				MTL_FAST_MATH = YES;
				SDKROOT = iphoneos;
				SWIFT_COMPILATION_MODE = wholemodule;
				SWIFT_OPTIMIZATION_LEVEL = "-O";
				VALIDATE_PRODUCT = YES;
			};
			name = Release;
		};
		DE75066E267B418D001345F2 /* Debug */ = {
			isa = XCBuildConfiguration;
			baseConfigurationReference = 43FA61324987D2E5CA6D6D56 /* Pods-CafeList.debug.xcconfig */;
			buildSettings = {
				ASSETCATALOG_COMPILER_APPICON_NAME = AppIcon;
				ASSETCATALOG_COMPILER_GLOBAL_ACCENT_COLOR_NAME = AccentColor;
				CODE_SIGN_STYLE = Automatic;
				DEVELOPMENT_TEAM = 65QQ97XV3Q;
				INFOPLIST_FILE = CafeList/Info.plist;
				IPHONEOS_DEPLOYMENT_TARGET = 13.0;
				LD_RUNPATH_SEARCH_PATHS = (
					"$(inherited)",
					"@executable_path/Frameworks",
				);
				PRODUCT_BUNDLE_IDENTIFIER = com.judytsai.CafeList;
				PRODUCT_NAME = "$(TARGET_NAME)";
				SWIFT_VERSION = 5.0;
				TARGETED_DEVICE_FAMILY = 1;
			};
			name = Debug;
		};
		DE75066F267B418D001345F2 /* Release */ = {
			isa = XCBuildConfiguration;
			baseConfigurationReference = 190A83A7DB9C6752A29B74CF /* Pods-CafeList.release.xcconfig */;
			buildSettings = {
				ASSETCATALOG_COMPILER_APPICON_NAME = AppIcon;
				ASSETCATALOG_COMPILER_GLOBAL_ACCENT_COLOR_NAME = AccentColor;
				CODE_SIGN_STYLE = Automatic;
				DEVELOPMENT_TEAM = 65QQ97XV3Q;
				INFOPLIST_FILE = CafeList/Info.plist;
				IPHONEOS_DEPLOYMENT_TARGET = 13.0;
				LD_RUNPATH_SEARCH_PATHS = (
					"$(inherited)",
					"@executable_path/Frameworks",
				);
				PRODUCT_BUNDLE_IDENTIFIER = com.judytsai.CafeList;
				PRODUCT_NAME = "$(TARGET_NAME)";
				SWIFT_VERSION = 5.0;
				TARGETED_DEVICE_FAMILY = 1;
			};
			name = Release;
		};
/* End XCBuildConfiguration section */

/* Begin XCConfigurationList section */
		DE750654267B418B001345F2 /* Build configuration list for PBXProject "CafeList" */ = {
			isa = XCConfigurationList;
			buildConfigurations = (
				DE75066B267B418D001345F2 /* Debug */,
				DE75066C267B418D001345F2 /* Release */,
			);
			defaultConfigurationIsVisible = 0;
			defaultConfigurationName = Release;
		};
		DE75066D267B418D001345F2 /* Build configuration list for PBXNativeTarget "CafeList" */ = {
			isa = XCConfigurationList;
			buildConfigurations = (
				DE75066E267B418D001345F2 /* Debug */,
				DE75066F267B418D001345F2 /* Release */,
			);
			defaultConfigurationIsVisible = 0;
			defaultConfigurationName = Release;
		};
/* End XCConfigurationList section */
	};
	rootObject = DE750651267B418B001345F2 /* Project object */;
}
